
Microsoft Visual Studio Solution File, Format Version 12.00
# Visual Studio Version 17
VisualStudioVersion = 17.1.32210.238
MinimumVisualStudioVersion = 10.0.40219.1
Project("{9A19103F-16F7-4668-BE54-9A1E7A4F7556}") = "Turbulence", "Avalonche\Turbulence.csproj", "{59BB02EA-5D7A-4302-8839-01C0122E2A61}"
EndProject
Global
	GlobalSection(SolutionConfigurationPlatforms) = preSolution
		Debug|Any CPU = Debug|Any CPU
		Release|Any CPU = Release|Any CPU
	EndGlobalSection
	GlobalSection(ProjectConfigurationPlatforms) = postSolution
		{59BB02EA-5D7A-4302-8839-01C0122E2A61}.Debug|Any CPU.ActiveCfg = Debug|Any CPU
		{59BB02EA-5D7A-4302-8839-01C0122E2A61}.Debug|Any CPU.Build.0 = Debug|Any CPU
		{59BB02EA-5D7A-4302-8839-01C0122E2A61}.Release|Any CPU.ActiveCfg = Release|Any CPU
		{59BB02EA-5D7A-4302-8839-01C0122E2A61}.Release|Any CPU.Build.0 = Release|Any CPU
	EndGlobalSection
	GlobalSection(SolutionProperties) = preSolution
		HideSolutionNode = FALSE
	EndGlobalSection
	GlobalSection(ExtensibilityGlobals) = postSolution
		SolutionGuid = {70307CFD-5D0A-42BE-8337-76FCA514FF21}
	EndGlobalSection
EndGlobal
